
Microsoft Visual Studio Solution File, Format Version 12.00
# Visual Studio Version 16
VisualStudioVersion = 16.0.30717.126
MinimumVisualStudioVersion = 10.0.40219.1
Project("{FAE04EC0-301F-11D3-BF4B-00C04F79EFBC}") = "Nhom18", "Nhom18\Nhom18.csproj", "{95B632DF-CA4D-40FF-8ED5-9AB0735CE3EB}"
EndProject
Global
	GlobalSection(SolutionConfigurationPlatforms) = preSolution
		Debug|Any CPU = Debug|Any CPU
		Release|Any CPU = Release|Any CPU
	EndGlobalSection
	GlobalSection(ProjectConfigurationPlatforms) = postSolution
		{95B632DF-CA4D-40FF-8ED5-9AB0735CE3EB}.Debug|Any CPU.ActiveCfg = Debug|Any CPU
		{95B632DF-CA4D-40FF-8ED5-9AB0735CE3EB}.Debug|Any CPU.Build.0 = Debug|Any CPU
		{95B632DF-CA4D-40FF-8ED5-9AB0735CE3EB}.Release|Any CPU.ActiveCfg = Release|Any CPU
		{95B632DF-CA4D-40FF-8ED5-9AB0735CE3EB}.Release|Any CPU.Build.0 = Release|Any CPU
	EndGlobalSection
	GlobalSection(SolutionProperties) = preSolution
		HideSolutionNode = FALSE
	EndGlobalSection
	GlobalSection(ExtensibilityGlobals) = postSolution
		SolutionGuid = {C73AE9AB-207F-4385-A53F-06A06ECFF18B}
	EndGlobalSection
EndGlobal
